// !$*UTF8*$!
{
	archiveVersion = 1;
	classes = {
	};
	objectVersion = 50;
	objects = {

/* Begin PBXBuildFile section */
		6DC44E3B268B27C0007094FA /* MessageModel.swift in Sources */ = {isa = PBXBuildFile; fileRef = 6DC44E3A268B27C0007094FA /* MessageModel.swift */; };
		6DC44E3C268B27C0007094FA /* MessageModel.swift in Sources */ = {isa = PBXBuildFile; fileRef = 6DC44E3A268B27C0007094FA /* MessageModel.swift */; };
		6DC44E3E268B4F91007094FA /* WebSocketObservable.swift in Sources */ = {isa = PBXBuildFile; fileRef = 6DC44E3D268B4F91007094FA /* WebSocketObservable.swift */; };
		6DC44E3F268B4F91007094FA /* WebSocketObservable.swift in Sources */ = {isa = PBXBuildFile; fileRef = 6DC44E3D268B4F91007094FA /* WebSocketObservable.swift */; };
		6DCB88EB268B0B610072C884 /* ChatSwiftApp.swift in Sources */ = {isa = PBXBuildFile; fileRef = 6DCB88D8268B0B600072C884 /* ChatSwiftApp.swift */; };
		6DCB88EC268B0B610072C884 /* ChatSwiftApp.swift in Sources */ = {isa = PBXBuildFile; fileRef = 6DCB88D8268B0B600072C884 /* ChatSwiftApp.swift */; };
		6DCB88ED268B0B610072C884 /* ChatMainWindow.swift in Sources */ = {isa = PBXBuildFile; fileRef = 6DCB88D9268B0B600072C884 /* ChatMainWindow.swift */; };
		6DCB88EE268B0B610072C884 /* ChatMainWindow.swift in Sources */ = {isa = PBXBuildFile; fileRef = 6DCB88D9268B0B600072C884 /* ChatMainWindow.swift */; };
		6DCB88EF268B0B610072C884 /* Assets.xcassets in Resources */ = {isa = PBXBuildFile; fileRef = 6DCB88DA268B0B610072C884 /* Assets.xcassets */; };
		6DCB88F0268B0B610072C884 /* Assets.xcassets in Resources */ = {isa = PBXBuildFile; fileRef = 6DCB88DA268B0B610072C884 /* Assets.xcassets */; };
/* End PBXBuildFile section */

/* Begin PBXFileReference section */
		6DC44E3A268B27C0007094FA /* MessageModel.swift */ = {isa = PBXFileReference; lastKnownFileType = sourcecode.swift; path = MessageModel.swift; sourceTree = "<group>"; };
		6DC44E3D268B4F91007094FA /* WebSocketObservable.swift */ = {isa = PBXFileReference; lastKnownFileType = sourcecode.swift; path = WebSocketObservable.swift; sourceTree = "<group>"; };
		6DCB88D8268B0B600072C884 /* ChatSwiftApp.swift */ = {isa = PBXFileReference; lastKnownFileType = sourcecode.swift; path = ChatSwiftApp.swift; sourceTree = "<group>"; };
		6DCB88D9268B0B600072C884 /* ChatMainWindow.swift */ = {isa = PBXFileReference; lastKnownFileType = sourcecode.swift; path = ChatMainWindow.swift; sourceTree = "<group>"; };
		6DCB88DA268B0B610072C884 /* Assets.xcassets */ = {isa = PBXFileReference; lastKnownFileType = folder.assetcatalog; path = Assets.xcassets; sourceTree = "<group>"; };
		6DCB88DF268B0B610072C884 /* ChatSwift.app */ = {isa = PBXFileReference; explicitFileType = wrapper.application; includeInIndex = 0; path = ChatSwift.app; sourceTree = BUILT_PRODUCTS_DIR; };
		6DCB88E2268B0B610072C884 /* Info.plist */ = {isa = PBXFileReference; lastKnownFileType = text.plist.xml; path = Info.plist; sourceTree = "<group>"; };
		6DCB88E7268B0B610072C884 /* ChatSwift.app */ = {isa = PBXFileReference; explicitFileType = wrapper.application; includeInIndex = 0; path = ChatSwift.app; sourceTree = BUILT_PRODUCTS_DIR; };
		6DCB88E9268B0B610072C884 /* Info.plist */ = {isa = PBXFileReference; lastKnownFileType = text.plist.xml; path = Info.plist; sourceTree = "<group>"; };
		6DCB88EA268B0B610072C884 /* macOS.entitlements */ = {isa = PBXFileReference; lastKnownFileType = text.plist.entitlements; path = macOS.entitlements; sourceTree = "<group>"; };
/* End PBXFileReference section */

/* Begin PBXFrameworksBuildPhase section */
		6DCB88DC268B0B610072C884 /* Frameworks */ = {
			isa = PBXFrameworksBuildPhase;
			buildActionMask = 2147483647;
			files = (
			);
			runOnlyForDeploymentPostprocessing = 0;
		};
		6DCB88E4268B0B610072C884 /* Frameworks */ = {
			isa = PBXFrameworksBuildPhase;
			buildActionMask = 2147483647;
			files = (
			);
			runOnlyForDeploymentPostprocessing = 0;
		};
/* End PBXFrameworksBuildPhase section */

/* Begin PBXGroup section */
		6DC44E39268B279F007094FA /* Model */ = {
			isa = PBXGroup;
			children = (
				6DC44E3A268B27C0007094FA /* MessageModel.swift */,
			);
			path = Model;
			sourceTree = "<group>";
		};
		6DCB88D2268B0B600072C884 = {
			isa = PBXGroup;
			children = (
				6DCB88D7268B0B600072C884 /* Shared */,
				6DCB88E1268B0B610072C884 /* iOS */,
				6DCB88E8268B0B610072C884 /* macOS */,
				6DCB88E0268B0B610072C884 /* Products */,
			);
			sourceTree = "<group>";
		};
		6DCB88D7268B0B600072C884 /* Shared */ = {
			isa = PBXGroup;
			children = (
				6DC44E39268B279F007094FA /* Model */,
				6DCB88D8268B0B600072C884 /* ChatSwiftApp.swift */,
				6DCB88D9268B0B600072C884 /* ChatMainWindow.swift */,
				6DCB88DA268B0B610072C884 /* Assets.xcassets */,
				6DC44E3D268B4F91007094FA /* WebSocketObservable.swift */,
			);
			path = Shared;
			sourceTree = "<group>";
		};
		6DCB88E0268B0B610072C884 /* Products */ = {
			isa = PBXGroup;
			children = (
				6DCB88DF268B0B610072C884 /* ChatSwift.app */,
				6DCB88E7268B0B610072C884 /* ChatSwift.app */,
			);
			name = Products;
			sourceTree = "<group>";
		};
		6DCB88E1268B0B610072C884 /* iOS */ = {
			isa = PBXGroup;
			children = (
				6DCB88E2268B0B610072C884 /* Info.plist */,
			);
			path = iOS;
			sourceTree = "<group>";
		};
		6DCB88E8268B0B610072C884 /* macOS */ = {
			isa = PBXGroup;
			children = (
				6DCB88E9268B0B610072C884 /* Info.plist */,
				6DCB88EA268B0B610072C884 /* macOS.entitlements */,
			);
			path = macOS;
			sourceTree = "<group>";
		};
/* End PBXGroup section */

/* Begin PBXNativeTarget section */
		6DCB88DE268B0B610072C884 /* ChatSwift (iOS) */ = {
			isa = PBXNativeTarget;
			buildConfigurationList = 6DCB88F3268B0B610072C884 /* Build configuration list for PBXNativeTarget "ChatSwift (iOS)" */;
			buildPhases = (
				6DCB88DB268B0B610072C884 /* Sources */,
				6DCB88DC268B0B610072C884 /* Frameworks */,
				6DCB88DD268B0B610072C884 /* Resources */,
			);
			buildRules = (
			);
			dependencies = (
			);
			name = "ChatSwift (iOS)";
			productName = "ChatTest (iOS)";
			productReference = 6DCB88DF268B0B610072C884 /* ChatSwift.app */;
			productType = "com.apple.product-type.application";
		};
		6DCB88E6268B0B610072C884 /* ChatSwift (macOS) */ = {
			isa = PBXNativeTarget;
			buildConfigurationList = 6DCB88F6268B0B610072C884 /* Build configuration list for PBXNativeTarget "ChatSwift (macOS)" */;
			buildPhases = (
				6DCB88E3268B0B610072C884 /* Sources */,
				6DCB88E4268B0B610072C884 /* Frameworks */,
				6DCB88E5268B0B610072C884 /* Resources */,
			);
			buildRules = (
			);
			dependencies = (
			);
			name = "ChatSwift (macOS)";
			productName = "ChatTest (macOS)";
			productReference = 6DCB88E7268B0B610072C884 /* ChatSwift.app */;
			productType = "com.apple.product-type.application";
		};
/* End PBXNativeTarget section */

/* Begin PBXProject section */
		6DCB88D3268B0B600072C884 /* Project object */ = {
			isa = PBXProject;
			attributes = {
				LastSwiftUpdateCheck = 1250;
				LastUpgradeCheck = 1250;
				TargetAttributes = {
					6DCB88DE268B0B610072C884 = {
						CreatedOnToolsVersion = 12.5.1;
					};
					6DCB88E6268B0B610072C884 = {
						CreatedOnToolsVersion = 12.5.1;
					};
				};
			};
			buildConfigurationList = 6DCB88D6268B0B600072C884 /* Build configuration list for PBXProject "ChatSwift" */;
			compatibilityVersion = "Xcode 9.3";
			developmentRegion = en;
			hasScannedForEncodings = 0;
			knownRegions = (
				en,
				Base,
			);
			mainGroup = 6DCB88D2268B0B600072C884;
			productRefGroup = 6DCB88E0268B0B610072C884 /* Products */;
			projectDirPath = "";
			projectRoot = "";
			targets = (
				6DCB88DE268B0B610072C884 /* ChatSwift (iOS) */,
				6DCB88E6268B0B610072C884 /* ChatSwift (macOS) */,
			);
		};
/* End PBXProject section */

/* Begin PBXResourcesBuildPhase section */
		6DCB88DD268B0B610072C884 /* Resources */ = {
			isa = PBXResourcesBuildPhase;
			buildActionMask = 2147483647;
			files = (
				6DCB88EF268B0B610072C884 /* Assets.xcassets in Resources */,
			);
			runOnlyForDeploymentPostprocessing = 0;
		};
		6DCB88E5268B0B610072C884 /* Resources */ = {
			isa = PBXResourcesBuildPhase;
			buildActionMask = 2147483647;
			files = (
				6DCB88F0268B0B610072C884 /* Assets.xcassets in Resources */,
			);
			runOnlyForDeploymentPostprocessing = 0;
		};
/* End PBXResourcesBuildPhase section */

/* Begin PBXSourcesBuildPhase section */
		6DCB88DB268B0B610072C884 /* Sources */ = {
			isa = PBXSourcesBuildPhase;
			buildActionMask = 2147483647;
			files = (
				6DC44E3E268B4F91007094FA /* WebSocketObservable.swift in Sources */,
				6DCB88ED268B0B610072C884 /* ChatMainWindow.swift in Sources */,
				6DC44E3B268B27C0007094FA /* MessageModel.swift in Sources */,
				6DCB88EB268B0B610072C884 /* ChatSwiftApp.swift in Sources */,
			);
			runOnlyForDeploymentPostprocessing = 0;
		};
		6DCB88E3268B0B610072C884 /* Sources */ = {
			isa = PBXSourcesBuildPhase;
			buildActionMask = 2147483647;
			files = (
				6DC44E3F268B4F91007094FA /* WebSocketObservable.swift in Sources */,
				6DCB88EE268B0B610072C884 /* ChatMainWindow.swift in Sources */,
				6DC44E3C268B27C0007094FA /* MessageModel.swift in Sources */,
				6DCB88EC268B0B610072C884 /* ChatSwiftApp.swift in Sources */,
			);
			runOnlyForDeploymentPostprocessing = 0;
		};
/* End PBXSourcesBuildPhase section */

/* Begin XCBuildConfiguration section */
		6DCB88F1268B0B610072C884 /* Debug */ = {
			isa = XCBuildConfiguration;
			buildSettings = {
				ALWAYS_SEARCH_USER_PATHS = NO;
				CLANG_ANALYZER_NONNULL = YES;
				CLANG_ANALYZER_NUMBER_OBJECT_CONVERSION = YES_AGGRESSIVE;
				CLANG_CXX_LANGUAGE_STANDARD = "gnu++14";
				CLANG_CXX_LIBRARY = "libc++";
				CLANG_ENABLE_MODULES = YES;
				CLANG_ENABLE_OBJC_ARC = YES;
				CLANG_ENABLE_OBJC_WEAK = YES;
				CLANG_WARN_BLOCK_CAPTURE_AUTORELEASING = YES;
				CLANG_WARN_BOOL_CONVERSION = YES;
				CLANG_WARN_COMMA = YES;
				CLANG_WARN_CONSTANT_CONVERSION = YES;
				CLANG_WARN_DEPRECATED_OBJC_IMPLEMENTATIONS = YES;
				CLANG_WARN_DIRECT_OBJC_ISA_USAGE = YES_ERROR;
				CLANG_WARN_DOCUMENTATION_COMMENTS = YES;
				CLANG_WARN_EMPTY_BODY = YES;
				CLANG_WARN_ENUM_CONVERSION = YES;
				CLANG_WARN_INFINITE_RECURSION = YES;
				CLANG_WARN_INT_CONVERSION = YES;
				CLANG_WARN_NON_LITERAL_NULL_CONVERSION = YES;
				CLANG_WARN_OBJC_IMPLICIT_RETAIN_SELF = YES;
				CLANG_WARN_OBJC_LITERAL_CONVERSION = YES;
				CLANG_WARN_OBJC_ROOT_CLASS = YES_ERROR;
				CLANG_WARN_QUOTED_INCLUDE_IN_FRAMEWORK_HEADER = YES;
				CLANG_WARN_RANGE_LOOP_ANALYSIS = YES;
				CLANG_WARN_STRICT_PROTOTYPES = YES;
				CLANG_WARN_SUSPICIOUS_MOVE = YES;
				CLANG_WARN_UNGUARDED_AVAILABILITY = YES_AGGRESSIVE;
				CLANG_WARN_UNREACHABLE_CODE = YES;
				CLANG_WARN__DUPLICATE_METHOD_MATCH = YES;
				COPY_PHASE_STRIP = NO;
				DEBUG_INFORMATION_FORMAT = dwarf;
				ENABLE_STRICT_OBJC_MSGSEND = YES;
				ENABLE_TESTABILITY = YES;
				GCC_C_LANGUAGE_STANDARD = gnu11;
				GCC_DYNAMIC_NO_PIC = NO;
				GCC_NO_COMMON_BLOCKS = YES;
				GCC_OPTIMIZATION_LEVEL = 0;
				GCC_PREPROCESSOR_DEFINITIONS = (
					"DEBUG=1",
					"$(inherited)",
				);
				GCC_WARN_64_TO_32_BIT_CONVERSION = YES;
				GCC_WARN_ABOUT_RETURN_TYPE = YES_ERROR;
				GCC_WARN_UNDECLARED_SELECTOR = YES;
				GCC_WARN_UNINITIALIZED_AUTOS = YES_AGGRESSIVE;
				GCC_WARN_UNUSED_FUNCTION = YES;
				GCC_WARN_UNUSED_VARIABLE = YES;
				MTL_ENABLE_DEBUG_INFO = INCLUDE_SOURCE;
				MTL_FAST_MATH = YES;
				ONLY_ACTIVE_ARCH = YES;
				SWIFT_ACTIVE_COMPILATION_CONDITIONS = DEBUG;
				SWIFT_OPTIMIZATION_LEVEL = "-Onone";
			};
			name = Debug;
		};
		6DCB88F2268B0B610072C884 /* Release */ = {
			isa = XCBuildConfiguration;
			buildSettings = {
				ALWAYS_SEARCH_USER_PATHS = NO;
				CLANG_ANALYZER_NONNULL = YES;
				CLANG_ANALYZER_NUMBER_OBJECT_CONVERSION = YES_AGGRESSIVE;
				CLANG_CXX_LANGUAGE_STANDARD = "gnu++14";
				CLANG_CXX_LIBRARY = "libc++";
				CLANG_ENABLE_MODULES = YES;
				CLANG_ENABLE_OBJC_ARC = YES;
				CLANG_ENABLE_OBJC_WEAK = YES;
				CLANG_WARN_BLOCK_CAPTURE_AUTORELEASING = YES;
				CLANG_WARN_BOOL_CONVERSION = YES;
				CLANG_WARN_COMMA = YES;
				CLANG_WARN_CONSTANT_CONVERSION = YES;
				CLANG_WARN_DEPRECATED_OBJC_IMPLEMENTATIONS = YES;
				CLANG_WARN_DIRECT_OBJC_ISA_USAGE = YES_ERROR;
				CLANG_WARN_DOCUMENTATION_COMMENTS = YES;
				CLANG_WARN_EMPTY_BODY = YES;
				CLANG_WARN_ENUM_CONVERSION = YES;
				CLANG_WARN_INFINITE_RECURSION = YES;
				CLANG_WARN_INT_CONVERSION = YES;
				CLANG_WARN_NON_LITERAL_NULL_CONVERSION = YES;
				CLANG_WARN_OBJC_IMPLICIT_RETAIN_SELF = YES;
				CLANG_WARN_OBJC_LITERAL_CONVERSION = YES;
				CLANG_WARN_OBJC_ROOT_CLASS = YES_ERROR;
				CLANG_WARN_QUOTED_INCLUDE_IN_FRAMEWORK_HEADER = YES;
				CLANG_WARN_RANGE_LOOP_ANALYSIS = YES;
				CLANG_WARN_STRICT_PROTOTYPES = YES;
				CLANG_WARN_SUSPICIOUS_MOVE = YES;
				CLANG_WARN_UNGUARDED_AVAILABILITY = YES_AGGRESSIVE;
				CLANG_WARN_UNREACHABLE_CODE = YES;
				CLANG_WARN__DUPLICATE_METHOD_MATCH = YES;
				COPY_PHASE_STRIP = NO;
				DEBUG_INFORMATION_FORMAT = "dwarf-with-dsym";
				ENABLE_NS_ASSERTIONS = NO;
				ENABLE_STRICT_OBJC_MSGSEND = YES;
				GCC_C_LANGUAGE_STANDARD = gnu11;
				GCC_NO_COMMON_BLOCKS = YES;
				GCC_WARN_64_TO_32_BIT_CONVERSION = YES;
				GCC_WARN_ABOUT_RETURN_TYPE = YES_ERROR;
				GCC_WARN_UNDECLARED_SELECTOR = YES;
				GCC_WARN_UNINITIALIZED_AUTOS = YES_AGGRESSIVE;
				GCC_WARN_UNUSED_FUNCTION = YES;
				GCC_WARN_UNUSED_VARIABLE = YES;
				MTL_ENABLE_DEBUG_INFO = NO;
				MTL_FAST_MATH = YES;
				SWIFT_COMPILATION_MODE = wholemodule;
				SWIFT_OPTIMIZATION_LEVEL = "-O";
			};
			name = Release;
		};
		6DCB88F4268B0B610072C884 /* Debug */ = {
			isa = XCBuildConfiguration;
			buildSettings = {
				ASSETCATALOG_COMPILER_APPICON_NAME = AppIcon;
				ASSETCATALOG_COMPILER_GLOBAL_ACCENT_COLOR_NAME = AccentColor;
				CODE_SIGN_STYLE = Automatic;
				DEVELOPMENT_TEAM = ZBVHAA67XK;
				ENABLE_PREVIEWS = YES;
				INFOPLIST_FILE = iOS/Info.plist;
				IPHONEOS_DEPLOYMENT_TARGET = 14.0;
				LD_RUNPATH_SEARCH_PATHS = (
					"$(inherited)",
					"@executable_path/Frameworks",
				);
				PRODUCT_BUNDLE_IDENTIFIER = ru.RTUITLab.ChatTest;
				PRODUCT_NAME = ChatSwift;
				SDKROOT = iphoneos;
				SWIFT_VERSION = 5.0;
				TARGETED_DEVICE_FAMILY = "1,2";
			};
			name = Debug;
		};
		6DCB88F5268B0B610072C884 /* Release */ = {
			isa = XCBuildConfiguration;
			buildSettings = {
				ASSETCATALOG_COMPILER_APPICON_NAME = AppIcon;
				ASSETCATALOG_COMPILER_GLOBAL_ACCENT_COLOR_NAME = AccentColor;
				CODE_SIGN_STYLE = Automatic;
				DEVELOPMENT_TEAM = ZBVHAA67XK;
				ENABLE_PREVIEWS = YES;
				INFOPLIST_FILE = iOS/Info.plist;
				IPHONEOS_DEPLOYMENT_TARGET = 14.0;
				LD_RUNPATH_SEARCH_PATHS = (
					"$(inherited)",
					"@executable_path/Frameworks",
				);
				PRODUCT_BUNDLE_IDENTIFIER = ru.RTUITLab.ChatTest;
				PRODUCT_NAME = ChatSwift;
				SDKROOT = iphoneos;
				SWIFT_VERSION = 5.0;
				TARGETED_DEVICE_FAMILY = "1,2";
				VALIDATE_PRODUCT = YES;
			};
			name = Release;
		};
		6DCB88F7268B0B610072C884 /* Debug */ = {
			isa = XCBuildConfiguration;
			buildSettings = {
				ASSETCATALOG_COMPILER_APPICON_NAME = AppIcon;
				ASSETCATALOG_COMPILER_GLOBAL_ACCENT_COLOR_NAME = AccentColor;
				CODE_SIGN_ENTITLEMENTS = macOS/macOS.entitlements;
				CODE_SIGN_STYLE = Automatic;
				COMBINE_HIDPI_IMAGES = YES;
				DEVELOPMENT_TEAM = ZBVHAA67XK;
				ENABLE_HARDENED_RUNTIME = YES;
				ENABLE_PREVIEWS = YES;
				INFOPLIST_FILE = macOS/Info.plist;
				LD_RUNPATH_SEARCH_PATHS = (
					"$(inherited)",
					"@executable_path/../Frameworks",
				);
				MACOSX_DEPLOYMENT_TARGET = 11.0;
				PRODUCT_BUNDLE_IDENTIFIER = ru.RTUITLab.ChatTest;
				PRODUCT_NAME = ChatSwift;
				SDKROOT = macosx;
				SWIFT_VERSION = 5.0;
			};
			name = Debug;
		};
		6DCB88F8268B0B610072C884 /* Release */ = {
			isa = XCBuildConfiguration;
			buildSettings = {
				ASSETCATALOG_COMPILER_APPICON_NAME = AppIcon;
				ASSETCATALOG_COMPILER_GLOBAL_ACCENT_COLOR_NAME = AccentColor;
				CODE_SIGN_ENTITLEMENTS = macOS/macOS.entitlements;
				CODE_SIGN_STYLE = Automatic;
				COMBINE_HIDPI_IMAGES = YES;
				DEVELOPMENT_TEAM = ZBVHAA67XK;
				ENABLE_HARDENED_RUNTIME = YES;
				ENABLE_PREVIEWS = YES;
				INFOPLIST_FILE = macOS/Info.plist;
				LD_RUNPATH_SEARCH_PATHS = (
					"$(inherited)",
					"@executable_path/../Frameworks",
				);
				MACOSX_DEPLOYMENT_TARGET = 11.0;
				PRODUCT_BUNDLE_IDENTIFIER = ru.RTUITLab.ChatTest;
				PRODUCT_NAME = ChatSwift;
				SDKROOT = macosx;
				SWIFT_VERSION = 5.0;
			};
			name = Release;
		};
/* End XCBuildConfiguration section */

/* Begin XCConfigurationList section */
		6DCB88D6268B0B600072C884 /* Build configuration list for PBXProject "ChatSwift" */ = {
			isa = XCConfigurationList;
			buildConfigurations = (
				6DCB88F1268B0B610072C884 /* Debug */,
				6DCB88F2268B0B610072C884 /* Release */,
			);
			defaultConfigurationIsVisible = 0;
			defaultConfigurationName = Release;
		};
		6DCB88F3268B0B610072C884 /* Build configuration list for PBXNativeTarget "ChatSwift (iOS)" */ = {
			isa = XCConfigurationList;
			buildConfigurations = (
				6DCB88F4268B0B610072C884 /* Debug */,
				6DCB88F5268B0B610072C884 /* Release */,
			);
			defaultConfigurationIsVisible = 0;
			defaultConfigurationName = Release;
		};
		6DCB88F6268B0B610072C884 /* Build configuration list for PBXNativeTarget "ChatSwift (macOS)" */ = {
			isa = XCConfigurationList;
			buildConfigurations = (
				6DCB88F7268B0B610072C884 /* Debug */,
				6DCB88F8268B0B610072C884 /* Release */,
			);
			defaultConfigurationIsVisible = 0;
			defaultConfigurationName = Release;
		};
/* End XCConfigurationList section */
	};
	rootObject = 6DCB88D3268B0B600072C884 /* Project object */;
}
